Microsoft Visual Studio Solution File, Format Version 11.00
# Visual Studio 2008

Project("{6B302E55-49C0-788A-C535-F3FD86B3CB57}") = "ARToolkit_532_notango", "Assembly-CSharp.csproj", "{487FCF63-41FB-6BA0-EDE3-29BA4FAECB70}"
EndProject
Project("{6B302E55-49C0-788A-C535-F3FD86B3CB57}") = "ARToolkit_532_notango", "Assembly-CSharp-Editor.csproj", "{8E4504C3-FFAA-2F27-10A4-EBB854FA3531}"
EndProject
Global
	GlobalSection(SolutionConfigurationPlatforms) = preSolution
		Debug|Any CPU = Debug|Any CPU
		Release|Any CPU = Release|Any CPU
	EndGlobalSection
	GlobalSection(ProjectConfigurationPlatforms) = postSolution
		{487FCF63-41FB-6BA0-EDE3-29BA4FAECB70}.Debug|Any CPU.ActiveCfg = Debug|Any CPU
		{487FCF63-41FB-6BA0-EDE3-29BA4FAECB70}.Debug|Any CPU.Build.0 = Debug|Any CPU
		{487FCF63-41FB-6BA0-EDE3-29BA4FAECB70}.Release|Any CPU.ActiveCfg = Release|Any CPU
		{487FCF63-41FB-6BA0-EDE3-29BA4FAECB70}.Release|Any CPU.Build.0 = Release|Any CPU
		{8E4504C3-FFAA-2F27-10A4-EBB854FA3531}.Debug|Any CPU.ActiveCfg = Debug|Any CPU
		{8E4504C3-FFAA-2F27-10A4-EBB854FA3531}.Debug|Any CPU.Build.0 = Debug|Any CPU
		{8E4504C3-FFAA-2F27-10A4-EBB854FA3531}.Release|Any CPU.ActiveCfg = Release|Any CPU
		{8E4504C3-FFAA-2F27-10A4-EBB854FA3531}.Release|Any CPU.Build.0 = Release|Any CPU
	EndGlobalSection
	GlobalSection(SolutionProperties) = preSolution
		HideSolutionNode = FALSE
	EndGlobalSection
	GlobalSection(MonoDevelopProperties) = preSolution
		StartupItem = Assembly-CSharp.csproj
	EndGlobalSection
EndGlobal
