
Microsoft Visual Studio Solution File, Format Version 11.00
# Visual Studio 2010
Project("{FAE04EC0-301F-11D3-BF4B-00C04F79EFBC}") = "ARToolkit_551update", "Assembly-CSharp.csproj", "{C62C30BD-F86E-1743-CA4C-B1FAE75A5B6F}"
EndProject
Project("{FAE04EC0-301F-11D3-BF4B-00C04F79EFBC}") = "ARToolkit_551update", "Assembly-CSharp-Editor.csproj", "{1DBEEF17-5A35-B584-7736-B5147D30D6EA}"
EndProject
Global
	GlobalSection(SolutionConfigurationPlatforms) = preSolution
		Debug|Any CPU = Debug|Any CPU
		Release|Any CPU = Release|Any CPU
	EndGlobalSection
	GlobalSection(ProjectConfigurationPlatforms) = postSolution
		{C62C30BD-F86E-1743-CA4C-B1FAE75A5B6F}.Debug|Any CPU.ActiveCfg = Debug|Any CPU
		{C62C30BD-F86E-1743-CA4C-B1FAE75A5B6F}.Debug|Any CPU.Build.0 = Debug|Any CPU
		{C62C30BD-F86E-1743-CA4C-B1FAE75A5B6F}.Release|Any CPU.ActiveCfg = Release|Any CPU
		{C62C30BD-F86E-1743-CA4C-B1FAE75A5B6F}.Release|Any CPU.Build.0 = Release|Any CPU
		{1DBEEF17-5A35-B584-7736-B5147D30D6EA}.Debug|Any CPU.ActiveCfg = Debug|Any CPU
		{1DBEEF17-5A35-B584-7736-B5147D30D6EA}.Debug|Any CPU.Build.0 = Debug|Any CPU
		{1DBEEF17-5A35-B584-7736-B5147D30D6EA}.Release|Any CPU.ActiveCfg = Release|Any CPU
		{1DBEEF17-5A35-B584-7736-B5147D30D6EA}.Release|Any CPU.Build.0 = Release|Any CPU
	EndGlobalSection
	GlobalSection(SolutionProperties) = preSolution
		HideSolutionNode = FALSE
	EndGlobalSection
	GlobalSection(MonoDevelopProperties) = preSolution
		StartupItem = Assembly-CSharp.csproj
	EndGlobalSection
EndGlobal
