
Microsoft Visual Studio Solution File, Format Version 11.00
# Visual Studio 2010
Project("{FAE04EC0-301F-11D3-BF4B-00C04F79EFBC}") = "TangoARToolkitUnityTestIntegration", "Assembly-CSharp.csproj", "{172DF9F5-9DD5-A012-9027-691C189D6145}"
EndProject
Project("{FAE04EC0-301F-11D3-BF4B-00C04F79EFBC}") = "TangoARToolkitUnityTestIntegration", "Assembly-CSharp-Editor.csproj", "{DA614244-549A-37E6-AEDA-64C69DE4925C}"
EndProject
Global
	GlobalSection(SolutionConfigurationPlatforms) = preSolution
		Debug|Any CPU = Debug|Any CPU
		Release|Any CPU = Release|Any CPU
	EndGlobalSection
	GlobalSection(ProjectConfigurationPlatforms) = postSolution
		{172DF9F5-9DD5-A012-9027-691C189D6145}.Debug|Any CPU.ActiveCfg = Debug|Any CPU
		{172DF9F5-9DD5-A012-9027-691C189D6145}.Debug|Any CPU.Build.0 = Debug|Any CPU
		{172DF9F5-9DD5-A012-9027-691C189D6145}.Release|Any CPU.ActiveCfg = Release|Any CPU
		{172DF9F5-9DD5-A012-9027-691C189D6145}.Release|Any CPU.Build.0 = Release|Any CPU
		{DA614244-549A-37E6-AEDA-64C69DE4925C}.Debug|Any CPU.ActiveCfg = Debug|Any CPU
		{DA614244-549A-37E6-AEDA-64C69DE4925C}.Debug|Any CPU.Build.0 = Debug|Any CPU
		{DA614244-549A-37E6-AEDA-64C69DE4925C}.Release|Any CPU.ActiveCfg = Release|Any CPU
		{DA614244-549A-37E6-AEDA-64C69DE4925C}.Release|Any CPU.Build.0 = Release|Any CPU
	EndGlobalSection
	GlobalSection(SolutionProperties) = preSolution
		HideSolutionNode = FALSE
	EndGlobalSection
	GlobalSection(MonoDevelopProperties) = preSolution
		StartupItem = Assembly-CSharp.csproj
	EndGlobalSection
EndGlobal
